PODS:
  - Flutter (1.0.0)
  - health (13.1.4):
    - Flutter

DEPENDENCIES:
  - Flutter (from `Flutter`)
  - health (from `.symlinks/plugins/health/ios`)

EXTERNAL SOURCES:
  Flutter:
    :path: Flutter
  health:
    :path: ".symlinks/plugins/health/ios"

SPEC CHECKSUMS:
  Flutter: cabc95a1d2626b1b06e7179b784ebcf0c0cde467
  health: 32d2fbc7f26f9a2388d1a514ce168adbfa5bda65

PODFILE CHECKSUM: 1009f7dcd588351459abfef97ded22c8be9d5a41

COCOAPODS: 1.16.2
